# This file is automatically @generated by Cargo.
# It is not intended for manual editing.
version = 4

[[package]]
name = "canopus-abi"
version = "0.1.0"

[[package]]
name = "canopus-host-fake"
version = "0.1.0"
dependencies = [
 "canopus-abi",
 "canopus-runtime",
]

[[package]]
name = "canopus-runtime"
version = "0.1.0"
dependencies = [
 "canopus-abi",
]

[[package]]
name = "canopus-target-generated"
version = "0.1.0"
dependencies = [
 "canopus-abi",
]

[[package]]
name = "canopus-target-private"
version = "0.1.0"
dependencies = [
 "canopus-target-generated",
]

[[package]]
name = "canopus-ui-core"
version = "0.1.0"

[[package]]
name = "no-heap-counter"
version = "0.1.0"
dependencies = [
 "canopus-abi",
 "canopus-host-fake",
 "canopus-runtime",
 "canopus-target-generated",
]

[[package]]
name = "no-heap-counter-device"
version = "0.1.0"
dependencies = [
 "canopus-abi",
 "canopus-runtime",
 "canopus-target-generated",
 "canopus-ui-core",
]
